
Microsoft Visual Studio Solution File, Format Version 12.00
# Visual Studio 14
VisualStudioVersion = 14.0.23107.0
MinimumVisualStudioVersion = 10.0.40219.1
Project("{FAE04EC0-301F-11D3-BF4B-00C04F79EFBC}") = "lock-bitmap", "lock-bitmap.csproj", "{EC88D9E8-EA68-4B01-BF1C-39535EC51152}"
EndProject
Global
	GlobalSection(SolutionConfigurationPlatforms) = preSolution
		Debug|Any CPU = Debug|Any CPU
		Release|Any CPU = Release|Any CPU
	EndGlobalSection
	GlobalSection(ProjectConfigurationPlatforms) = postSolution
		{EC88D9E8-EA68-4B01-BF1C-39535EC51152}.Debug|Any CPU.ActiveCfg = Debug|Any CPU
		{EC88D9E8-EA68-4B01-BF1C-39535EC51152}.Debug|Any CPU.Build.0 = Debug|Any CPU
		{EC88D9E8-EA68-4B01-BF1C-39535EC51152}.Release|Any CPU.ActiveCfg = Release|Any CPU
		{EC88D9E8-EA68-4B01-BF1C-39535EC51152}.Release|Any CPU.Build.0 = Release|Any CPU
	EndGlobalSection
	GlobalSection(SolutionProperties) = preSolution
		HideSolutionNode = FALSE
	EndGlobalSection
EndGlobal
